// !$*UTF8*$!
{
	archiveVersion = 1;
	classes = {
	};
	objectVersion = 56;
	objects = {

/* Begin PBXBuildFile section */
		54C4B80E2B7FDAC20055DA62 /* AnimalAtlasApp.swift in Sources */ = {isa = PBXBuildFile; fileRef = 54C4B80D2B7FDAC20055DA62 /* AnimalAtlasApp.swift */; };
		54C4B8102B7FDAC20055DA62 /* ContentView.swift in Sources */ = {isa = PBXBuildFile; fileRef = 54C4B80F2B7FDAC20055DA62 /* ContentView.swift */; };
		54C4B8122B7FDAC40055DA62 /* Assets.xcassets in Resources */ = {isa = PBXBuildFile; fileRef = 54C4B8112B7FDAC40055DA62 /* Assets.xcassets */; };
		54C4B8152B7FDAC40055DA62 /* Preview Assets.xcassets in Resources */ = {isa = PBXBuildFile; fileRef = 54C4B8142B7FDAC40055DA62 /* Preview Assets.xcassets */; };
		54C4B8262B7FDCED0055DA62 /* giraffe.mp4 in Resources */ = {isa = PBXBuildFile; fileRef = 54C4B81C2B7FDCEB0055DA62 /* giraffe.mp4 */; };
		54C4B8272B7FDCED0055DA62 /* lion.mp4 in Resources */ = {isa = PBXBuildFile; fileRef = 54C4B81D2B7FDCEB0055DA62 /* lion.mp4 */; };
		54C4B8282B7FDCED0055DA62 /* gorilla.mp4 in Resources */ = {isa = PBXBuildFile; fileRef = 54C4B81E2B7FDCEC0055DA62 /* gorilla.mp4 */; };
		54C4B8292B7FDCED0055DA62 /* zebra.mp4 in Resources */ = {isa = PBXBuildFile; fileRef = 54C4B81F2B7FDCEC0055DA62 /* zebra.mp4 */; };
		54C4B82A2B7FDCED0055DA62 /* rhino.mp4 in Resources */ = {isa = PBXBuildFile; fileRef = 54C4B8202B7FDCEC0055DA62 /* rhino.mp4 */; };
		54C4B82B2B7FDCED0055DA62 /* cheetah.mp4 in Resources */ = {isa = PBXBuildFile; fileRef = 54C4B8212B7FDCEC0055DA62 /* cheetah.mp4 */; };
		54C4B82C2B7FDCED0055DA62 /* ostrich.mp4 in Resources */ = {isa = PBXBuildFile; fileRef = 54C4B8222B7FDCEC0055DA62 /* ostrich.mp4 */; };
		54C4B82D2B7FDCED0055DA62 /* elephant.mp4 in Resources */ = {isa = PBXBuildFile; fileRef = 54C4B8232B7FDCEC0055DA62 /* elephant.mp4 */; };
		54C4B82E2B7FDCED0055DA62 /* lioness.mp4 in Resources */ = {isa = PBXBuildFile; fileRef = 54C4B8242B7FDCED0055DA62 /* lioness.mp4 */; };
		54C4B82F2B7FDCED0055DA62 /* hippo.mp4 in Resources */ = {isa = PBXBuildFile; fileRef = 54C4B8252B7FDCED0055DA62 /* hippo.mp4 */; };
		54C4B8352B7FDD130055DA62 /* videos.json in Resources */ = {isa = PBXBuildFile; fileRef = 54C4B8312B7FDD130055DA62 /* videos.json */; };
		54C4B8362B7FDD130055DA62 /* animals.json in Resources */ = {isa = PBXBuildFile; fileRef = 54C4B8322B7FDD130055DA62 /* animals.json */; };
		54C4B8372B7FDD130055DA62 /* locations.json in Resources */ = {isa = PBXBuildFile; fileRef = 54C4B8332B7FDD130055DA62 /* locations.json */; };
		54C4B8382B7FDD130055DA62 /* covers.json in Resources */ = {isa = PBXBuildFile; fileRef = 54C4B8342B7FDD130055DA62 /* covers.json */; };
		54C4B83C2B7FF44E0055DA62 /* MapView.swift in Sources */ = {isa = PBXBuildFile; fileRef = 54C4B83B2B7FF44E0055DA62 /* MapView.swift */; };
		54C4B83E2B7FF4600055DA62 /* VideoListView.swift in Sources */ = {isa = PBXBuildFile; fileRef = 54C4B83D2B7FF4600055DA62 /* VideoListView.swift */; };
		54C4B8402B7FF46C0055DA62 /* GalleryView.swift in Sources */ = {isa = PBXBuildFile; fileRef = 54C4B83F2B7FF46C0055DA62 /* GalleryView.swift */; };
		54C4B8422B7FF47D0055DA62 /* MainView.swift in Sources */ = {isa = PBXBuildFile; fileRef = 54C4B8412B7FF47D0055DA62 /* MainView.swift */; };
		54C4B8452B7FF5A80055DA62 /* CoverImageView.swift in Sources */ = {isa = PBXBuildFile; fileRef = 54C4B8442B7FF5A80055DA62 /* CoverImageView.swift */; };
		54C4B8482B7FF7260055DA62 /* CoverImageModel.swift in Sources */ = {isa = PBXBuildFile; fileRef = 54C4B8472B7FF7260055DA62 /* CoverImageModel.swift */; };
		54C4B84B2B8014E70055DA62 /* CodableBundleExtension.swift in Sources */ = {isa = PBXBuildFile; fileRef = 54C4B84A2B8014E70055DA62 /* CodableBundleExtension.swift */; };
		54C4B84D2B80193B0055DA62 /* AnimalListItemView.swift in Sources */ = {isa = PBXBuildFile; fileRef = 54C4B84C2B80193B0055DA62 /* AnimalListItemView.swift */; };
		54C4B84F2B801AE20055DA62 /* AnimalModel.swift in Sources */ = {isa = PBXBuildFile; fileRef = 54C4B84E2B801AE20055DA62 /* AnimalModel.swift */; };
		54C4B8512B801DEE0055DA62 /* AnimalDetailView.swift in Sources */ = {isa = PBXBuildFile; fileRef = 54C4B8502B801DEE0055DA62 /* AnimalDetailView.swift */; };
		54C4B8532B8020BF0055DA62 /* HeadingView.swift in Sources */ = {isa = PBXBuildFile; fileRef = 54C4B8522B8020BF0055DA62 /* HeadingView.swift */; };
		54C4B8552B80222F0055DA62 /* InsetGalleryView.swift in Sources */ = {isa = PBXBuildFile; fileRef = 54C4B8542B80222F0055DA62 /* InsetGalleryView.swift */; };
		54C4B8572B80257C0055DA62 /* InsetFactView.swift in Sources */ = {isa = PBXBuildFile; fileRef = 54C4B8562B80257C0055DA62 /* InsetFactView.swift */; };
		54C4B8592B80277E0055DA62 /* InsetMapView.swift in Sources */ = {isa = PBXBuildFile; fileRef = 54C4B8582B80277E0055DA62 /* InsetMapView.swift */; };
		54C4B85B2B802CB00055DA62 /* ExternalWebLinkView.swift in Sources */ = {isa = PBXBuildFile; fileRef = 54C4B85A2B802CB00055DA62 /* ExternalWebLinkView.swift */; };
		54C4B85D2B83EC550055DA62 /* VideoModel.swift in Sources */ = {isa = PBXBuildFile; fileRef = 54C4B85C2B83EC550055DA62 /* VideoModel.swift */; };
		54C4B85F2B83EC970055DA62 /* VideoListItemView.swift in Sources */ = {isa = PBXBuildFile; fileRef = 54C4B85E2B83EC970055DA62 /* VideoListItemView.swift */; };
		54C4B8612B83F2450055DA62 /* VideoPlayerView.swift in Sources */ = {isa = PBXBuildFile; fileRef = 54C4B8602B83F2450055DA62 /* VideoPlayerView.swift */; };
		54C4B8642B83F3100055DA62 /* VideoPlayerHelper.swift in Sources */ = {isa = PBXBuildFile; fileRef = 54C4B8632B83F3100055DA62 /* VideoPlayerHelper.swift */; };
		54C4B8662B83F68C0055DA62 /* LocationModel.swift in Sources */ = {isa = PBXBuildFile; fileRef = 54C4B8652B83F68C0055DA62 /* LocationModel.swift */; };
		54C4B8682B8400370055DA62 /* MapAnnotationView.swift in Sources */ = {isa = PBXBuildFile; fileRef = 54C4B8672B8400370055DA62 /* MapAnnotationView.swift */; };
		54C4B86A2B84063C0055DA62 /* MotionAnimationView.swift in Sources */ = {isa = PBXBuildFile; fileRef = 54C4B8692B84063C0055DA62 /* MotionAnimationView.swift */; };
		54C4B86C2B8419DB0055DA62 /* AnimalGridItemView.swift in Sources */ = {isa = PBXBuildFile; fileRef = 54C4B86B2B8419DB0055DA62 /* AnimalGridItemView.swift */; };
		54C4B86E2B8420E50055DA62 /* CreditsView.swift in Sources */ = {isa = PBXBuildFile; fileRef = 54C4B86D2B8420E50055DA62 /* CreditsView.swift */; };
		54C4B8702B84231F0055DA62 /* CenterModifier.swift in Sources */ = {isa = PBXBuildFile; fileRef = 54C4B86F2B84231F0055DA62 /* CenterModifier.swift */; };
/* End PBXBuildFile section */

/* Begin PBXFileReference section */
		54C4B80A2B7FDAC20055DA62 /* AnimalAtlas.app */ = {isa = PBXFileReference; explicitFileType = wrapper.application; includeInIndex = 0; path = AnimalAtlas.app; sourceTree = BUILT_PRODUCTS_DIR; };
		54C4B80D2B7FDAC20055DA62 /* AnimalAtlasApp.swift */ = {isa = PBXFileReference; lastKnownFileType = sourcecode.swift; path = AnimalAtlasApp.swift; sourceTree = "<group>"; };
		54C4B80F2B7FDAC20055DA62 /* ContentView.swift */ = {isa = PBXFileReference; lastKnownFileType = sourcecode.swift; path = ContentView.swift; sourceTree = "<group>"; };
		54C4B8112B7FDAC40055DA62 /* Assets.xcassets */ = {isa = PBXFileReference; lastKnownFileType = folder.assetcatalog; path = Assets.xcassets; sourceTree = "<group>"; };
		54C4B8142B7FDAC40055DA62 /* Preview Assets.xcassets */ = {isa = PBXFileReference; lastKnownFileType = folder.assetcatalog; path = "Preview Assets.xcassets"; sourceTree = "<group>"; };
		54C4B81C2B7FDCEB0055DA62 /* giraffe.mp4 */ = {isa = PBXFileReference; lastKnownFileType = file; path = giraffe.mp4; sourceTree = "<group>"; };
		54C4B81D2B7FDCEB0055DA62 /* lion.mp4 */ = {isa = PBXFileReference; lastKnownFileType = file; path = lion.mp4; sourceTree = "<group>"; };
		54C4B81E2B7FDCEC0055DA62 /* gorilla.mp4 */ = {isa = PBXFileReference; lastKnownFileType = file; path = gorilla.mp4; sourceTree = "<group>"; };
		54C4B81F2B7FDCEC0055DA62 /* zebra.mp4 */ = {isa = PBXFileReference; lastKnownFileType = file; path = zebra.mp4; sourceTree = "<group>"; };
		54C4B8202B7FDCEC0055DA62 /* rhino.mp4 */ = {isa = PBXFileReference; lastKnownFileType = file; path = rhino.mp4; sourceTree = "<group>"; };
		54C4B8212B7FDCEC0055DA62 /* cheetah.mp4 */ = {isa = PBXFileReference; lastKnownFileType = file; path = cheetah.mp4; sourceTree = "<group>"; };
		54C4B8222B7FDCEC0055DA62 /* ostrich.mp4 */ = {isa = PBXFileReference; lastKnownFileType = file; path = ostrich.mp4; sourceTree = "<group>"; };
		54C4B8232B7FDCEC0055DA62 /* elephant.mp4 */ = {isa = PBXFileReference; lastKnownFileType = file; path = elephant.mp4; sourceTree = "<group>"; };
		54C4B8242B7FDCED0055DA62 /* lioness.mp4 */ = {isa = PBXFileReference; lastKnownFileType = file; path = lioness.mp4; sourceTree = "<group>"; };
		54C4B8252B7FDCED0055DA62 /* hippo.mp4 */ = {isa = PBXFileReference; lastKnownFileType = file; path = hippo.mp4; sourceTree = "<group>"; };
		54C4B8312B7FDD130055DA62 /* videos.json */ = {isa = PBXFileReference; fileEncoding = 4; lastKnownFileType = text.json; path = videos.json; sourceTree = "<group>"; };
		54C4B8322B7FDD130055DA62 /* animals.json */ = {isa = PBXFileReference; fileEncoding = 4; lastKnownFileType = text.json; path = animals.json; sourceTree = "<group>"; };
		54C4B8332B7FDD130055DA62 /* locations.json */ = {isa = PBXFileReference; fileEncoding = 4; lastKnownFileType = text.json; path = locations.json; sourceTree = "<group>"; };
		54C4B8342B7FDD130055DA62 /* covers.json */ = {isa = PBXFileReference; fileEncoding = 4; lastKnownFileType = text.json; path = covers.json; sourceTree = "<group>"; };
		54C4B8392B7FDDE10055DA62 /* Info.plist */ = {isa = PBXFileReference; lastKnownFileType = text.plist; path = Info.plist; sourceTree = "<group>"; };
		54C4B83B2B7FF44E0055DA62 /* MapView.swift */ = {isa = PBXFileReference; lastKnownFileType = sourcecode.swift; path = MapView.swift; sourceTree = "<group>"; };
		54C4B83D2B7FF4600055DA62 /* VideoListView.swift */ = {isa = PBXFileReference; lastKnownFileType = sourcecode.swift; path = VideoListView.swift; sourceTree = "<group>"; };
		54C4B83F2B7FF46C0055DA62 /* GalleryView.swift */ = {isa = PBXFileReference; lastKnownFileType = sourcecode.swift; path = GalleryView.swift; sourceTree = "<group>"; };
		54C4B8412B7FF47D0055DA62 /* MainView.swift */ = {isa = PBXFileReference; lastKnownFileType = sourcecode.swift; path = MainView.swift; sourceTree = "<group>"; };
		54C4B8442B7FF5A80055DA62 /* CoverImageView.swift */ = {isa = PBXFileReference; lastKnownFileType = sourcecode.swift; path = CoverImageView.swift; sourceTree = "<group>"; };
		54C4B8472B7FF7260055DA62 /* CoverImageModel.swift */ = {isa = PBXFileReference; lastKnownFileType = sourcecode.swift; path = CoverImageModel.swift; sourceTree = "<group>"; };
		54C4B84A2B8014E70055DA62 /* CodableBundleExtension.swift */ = {isa = PBXFileReference; lastKnownFileType = sourcecode.swift; path = CodableBundleExtension.swift; sourceTree = "<group>"; };
		54C4B84C2B80193B0055DA62 /* AnimalListItemView.swift */ = {isa = PBXFileReference; lastKnownFileType = sourcecode.swift; path = AnimalListItemView.swift; sourceTree = "<group>"; };
		54C4B84E2B801AE20055DA62 /* AnimalModel.swift */ = {isa = PBXFileReference; lastKnownFileType = sourcecode.swift; path = AnimalModel.swift; sourceTree = "<group>"; };
		54C4B8502B801DEE0055DA62 /* AnimalDetailView.swift */ = {isa = PBXFileReference; lastKnownFileType = sourcecode.swift; path = AnimalDetailView.swift; sourceTree = "<group>"; };
		54C4B8522B8020BF0055DA62 /* HeadingView.swift */ = {isa = PBXFileReference; lastKnownFileType = sourcecode.swift; path = HeadingView.swift; sourceTree = "<group>"; };
		54C4B8542B80222F0055DA62 /* InsetGalleryView.swift */ = {isa = PBXFileReference; lastKnownFileType = sourcecode.swift; path = InsetGalleryView.swift; sourceTree = "<group>"; };
		54C4B8562B80257C0055DA62 /* InsetFactView.swift */ = {isa = PBXFileReference; lastKnownFileType = sourcecode.swift; path = InsetFactView.swift; sourceTree = "<group>"; };
		54C4B8582B80277E0055DA62 /* InsetMapView.swift */ = {isa = PBXFileReference; lastKnownFileType = sourcecode.swift; path = InsetMapView.swift; sourceTree = "<group>"; };
		54C4B85A2B802CB00055DA62 /* ExternalWebLinkView.swift */ = {isa = PBXFileReference; lastKnownFileType = sourcecode.swift; path = ExternalWebLinkView.swift; sourceTree = "<group>"; };
		54C4B85C2B83EC550055DA62 /* VideoModel.swift */ = {isa = PBXFileReference; lastKnownFileType = sourcecode.swift; path = VideoModel.swift; sourceTree = "<group>"; };
		54C4B85E2B83EC970055DA62 /* VideoListItemView.swift */ = {isa = PBXFileReference; lastKnownFileType = sourcecode.swift; path = VideoListItemView.swift; sourceTree = "<group>"; };
		54C4B8602B83F2450055DA62 /* VideoPlayerView.swift */ = {isa = PBXFileReference; lastKnownFileType = sourcecode.swift; path = VideoPlayerView.swift; sourceTree = "<group>"; };
		54C4B8632B83F3100055DA62 /* VideoPlayerHelper.swift */ = {isa = PBXFileReference; lastKnownFileType = sourcecode.swift; path = VideoPlayerHelper.swift; sourceTree = "<group>"; };
		54C4B8652B83F68C0055DA62 /* LocationModel.swift */ = {isa = PBXFileReference; lastKnownFileType = sourcecode.swift; path = LocationModel.swift; sourceTree = "<group>"; };
		54C4B8672B8400370055DA62 /* MapAnnotationView.swift */ = {isa = PBXFileReference; lastKnownFileType = sourcecode.swift; path = MapAnnotationView.swift; sourceTree = "<group>"; };
		54C4B8692B84063C0055DA62 /* MotionAnimationView.swift */ = {isa = PBXFileReference; lastKnownFileType = sourcecode.swift; path = MotionAnimationView.swift; sourceTree = "<group>"; };
		54C4B86B2B8419DB0055DA62 /* AnimalGridItemView.swift */ = {isa = PBXFileReference; lastKnownFileType = sourcecode.swift; path = AnimalGridItemView.swift; sourceTree = "<group>"; };
		54C4B86D2B8420E50055DA62 /* CreditsView.swift */ = {isa = PBXFileReference; lastKnownFileType = sourcecode.swift; path = CreditsView.swift; sourceTree = "<group>"; };
		54C4B86F2B84231F0055DA62 /* CenterModifier.swift */ = {isa = PBXFileReference; lastKnownFileType = sourcecode.swift; path = CenterModifier.swift; sourceTree = "<group>"; };
/* End PBXFileReference section */

/* Begin PBXFrameworksBuildPhase section */
		54C4B8072B7FDAC20055DA62 /* Frameworks */ = {
			isa = PBXFrameworksBuildPhase;
			buildActionMask = 2147483647;
			files = (
			);
			runOnlyForDeploymentPostprocessing = 0;
		};
/* End PBXFrameworksBuildPhase section */

/* Begin PBXGroup section */
		54C4B8012B7FDAC20055DA62 = {
			isa = PBXGroup;
			children = (
				54C4B80C2B7FDAC20055DA62 /* AnimalAtlas */,
				54C4B80B2B7FDAC20055DA62 /* Products */,
			);
			sourceTree = "<group>";
		};
		54C4B80B2B7FDAC20055DA62 /* Products */ = {
			isa = PBXGroup;
			children = (
				54C4B80A2B7FDAC20055DA62 /* AnimalAtlas.app */,
			);
			name = Products;
			sourceTree = "<group>";
		};
		54C4B80C2B7FDAC20055DA62 /* AnimalAtlas */ = {
			isa = PBXGroup;
			children = (
				54C4B8622B83F2F80055DA62 /* Utilities */,
				54C4B8492B8014D30055DA62 /* Extension */,
				54C4B8462B7FF7130055DA62 /* Model */,
				54C4B8432B7FF5890055DA62 /* View */,
				54C4B8392B7FDDE10055DA62 /* Info.plist */,
				54C4B8302B7FDCFF0055DA62 /* Data */,
				54C4B81B2B7FDCCB0055DA62 /* Video */,
				54C4B83A2B7FF3FF0055DA62 /* App */,
				54C4B8112B7FDAC40055DA62 /* Assets.xcassets */,
				54C4B8132B7FDAC40055DA62 /* Preview Content */,
			);
			path = AnimalAtlas;
			sourceTree = "<group>";
		};
		54C4B8132B7FDAC40055DA62 /* Preview Content */ = {
			isa = PBXGroup;
			children = (
				54C4B8142B7FDAC40055DA62 /* Preview Assets.xcassets */,
			);
			path = "Preview Content";
			sourceTree = "<group>";
		};
		54C4B81B2B7FDCCB0055DA62 /* Video */ = {
			isa = PBXGroup;
			children = (
				54C4B8212B7FDCEC0055DA62 /* cheetah.mp4 */,
				54C4B8232B7FDCEC0055DA62 /* elephant.mp4 */,
				54C4B81C2B7FDCEB0055DA62 /* giraffe.mp4 */,
				54C4B81E2B7FDCEC0055DA62 /* gorilla.mp4 */,
				54C4B8252B7FDCED0055DA62 /* hippo.mp4 */,
				54C4B81D2B7FDCEB0055DA62 /* lion.mp4 */,
				54C4B8242B7FDCED0055DA62 /* lioness.mp4 */,
				54C4B8222B7FDCEC0055DA62 /* ostrich.mp4 */,
				54C4B8202B7FDCEC0055DA62 /* rhino.mp4 */,
				54C4B81F2B7FDCEC0055DA62 /* zebra.mp4 */,
			);
			path = Video;
			sourceTree = "<group>";
		};
		54C4B8302B7FDCFF0055DA62 /* Data */ = {
			isa = PBXGroup;
			children = (
				54C4B8322B7FDD130055DA62 /* animals.json */,
				54C4B8342B7FDD130055DA62 /* covers.json */,
				54C4B8332B7FDD130055DA62 /* locations.json */,
				54C4B8312B7FDD130055DA62 /* videos.json */,
			);
			path = Data;
			sourceTree = "<group>";
		};
		54C4B83A2B7FF3FF0055DA62 /* App */ = {
			isa = PBXGroup;
			children = (
				54C4B80D2B7FDAC20055DA62 /* AnimalAtlasApp.swift */,
				54C4B80F2B7FDAC20055DA62 /* ContentView.swift */,
				54C4B83B2B7FF44E0055DA62 /* MapView.swift */,
				54C4B83D2B7FF4600055DA62 /* VideoListView.swift */,
				54C4B83F2B7FF46C0055DA62 /* GalleryView.swift */,
				54C4B8412B7FF47D0055DA62 /* MainView.swift */,
			);
			path = App;
			sourceTree = "<group>";
		};
		54C4B8432B7FF5890055DA62 /* View */ = {
			isa = PBXGroup;
			children = (
				54C4B8442B7FF5A80055DA62 /* CoverImageView.swift */,
				54C4B84C2B80193B0055DA62 /* AnimalListItemView.swift */,
				54C4B8502B801DEE0055DA62 /* AnimalDetailView.swift */,
				54C4B8522B8020BF0055DA62 /* HeadingView.swift */,
				54C4B8542B80222F0055DA62 /* InsetGalleryView.swift */,
				54C4B8562B80257C0055DA62 /* InsetFactView.swift */,
				54C4B8582B80277E0055DA62 /* InsetMapView.swift */,
				54C4B85A2B802CB00055DA62 /* ExternalWebLinkView.swift */,
				54C4B85E2B83EC970055DA62 /* VideoListItemView.swift */,
				54C4B8602B83F2450055DA62 /* VideoPlayerView.swift */,
				54C4B8672B8400370055DA62 /* MapAnnotationView.swift */,
				54C4B8692B84063C0055DA62 /* MotionAnimationView.swift */,
				54C4B86B2B8419DB0055DA62 /* AnimalGridItemView.swift */,
				54C4B86D2B8420E50055DA62 /* CreditsView.swift */,
			);
			path = View;
			sourceTree = "<group>";
		};
		54C4B8462B7FF7130055DA62 /* Model */ = {
			isa = PBXGroup;
			children = (
				54C4B8472B7FF7260055DA62 /* CoverImageModel.swift */,
				54C4B84E2B801AE20055DA62 /* AnimalModel.swift */,
				54C4B85C2B83EC550055DA62 /* VideoModel.swift */,
				54C4B8652B83F68C0055DA62 /* LocationModel.swift */,
			);
			path = Model;
			sourceTree = "<group>";
		};
		54C4B8492B8014D30055DA62 /* Extension */ = {
			isa = PBXGroup;
			children = (
				54C4B84A2B8014E70055DA62 /* CodableBundleExtension.swift */,
				54C4B86F2B84231F0055DA62 /* CenterModifier.swift */,
			);
			path = Extension;
			sourceTree = "<group>";
		};
		54C4B8622B83F2F80055DA62 /* Utilities */ = {
			isa = PBXGroup;
			children = (
				54C4B8632B83F3100055DA62 /* VideoPlayerHelper.swift */,
			);
			path = Utilities;
			sourceTree = "<group>";
		};
/* End PBXGroup section */

/* Begin PBXNativeTarget section */
		54C4B8092B7FDAC20055DA62 /* AnimalAtlas */ = {
			isa = PBXNativeTarget;
			buildConfigurationList = 54C4B8182B7FDAC40055DA62 /* Build configuration list for PBXNativeTarget "AnimalAtlas" */;
			buildPhases = (
				54C4B8062B7FDAC20055DA62 /* Sources */,
				54C4B8072B7FDAC20055DA62 /* Frameworks */,
				54C4B8082B7FDAC20055DA62 /* Resources */,
			);
			buildRules = (
			);
			dependencies = (
			);
			name = AnimalAtlas;
			productName = AnimalAtlas;
			productReference = 54C4B80A2B7FDAC20055DA62 /* AnimalAtlas.app */;
			productType = "com.apple.product-type.application";
		};
/* End PBXNativeTarget section */

/* Begin PBXProject section */
		54C4B8022B7FDAC20055DA62 /* Project object */ = {
			isa = PBXProject;
			attributes = {
				BuildIndependentTargetsInParallel = 1;
				LastSwiftUpdateCheck = 1520;
				LastUpgradeCheck = 1520;
				TargetAttributes = {
					54C4B8092B7FDAC20055DA62 = {
						CreatedOnToolsVersion = 15.2;
					};
				};
			};
			buildConfigurationList = 54C4B8052B7FDAC20055DA62 /* Build configuration list for PBXProject "AnimalAtlas" */;
			compatibilityVersion = "Xcode 14.0";
			developmentRegion = en;
			hasScannedForEncodings = 0;
			knownRegions = (
				en,
				Base,
			);
			mainGroup = 54C4B8012B7FDAC20055DA62;
			productRefGroup = 54C4B80B2B7FDAC20055DA62 /* Products */;
			projectDirPath = "";
			projectRoot = "";
			targets = (
				54C4B8092B7FDAC20055DA62 /* AnimalAtlas */,
			);
		};
/* End PBXProject section */

/* Begin PBXResourcesBuildPhase section */
		54C4B8082B7FDAC20055DA62 /* Resources */ = {
			isa = PBXResourcesBuildPhase;
			buildActionMask = 2147483647;
			files = (
				54C4B8152B7FDAC40055DA62 /* Preview Assets.xcassets in Resources */,
				54C4B82E2B7FDCED0055DA62 /* lioness.mp4 in Resources */,
				54C4B8272B7FDCED0055DA62 /* lion.mp4 in Resources */,
				54C4B8282B7FDCED0055DA62 /* gorilla.mp4 in Resources */,
				54C4B8352B7FDD130055DA62 /* videos.json in Resources */,
				54C4B8382B7FDD130055DA62 /* covers.json in Resources */,
				54C4B82F2B7FDCED0055DA62 /* hippo.mp4 in Resources */,
				54C4B82C2B7FDCED0055DA62 /* ostrich.mp4 in Resources */,
				54C4B8372B7FDD130055DA62 /* locations.json in Resources */,
				54C4B8362B7FDD130055DA62 /* animals.json in Resources */,
				54C4B8122B7FDAC40055DA62 /* Assets.xcassets in Resources */,
				54C4B82B2B7FDCED0055DA62 /* cheetah.mp4 in Resources */,
				54C4B82A2B7FDCED0055DA62 /* rhino.mp4 in Resources */,
				54C4B8292B7FDCED0055DA62 /* zebra.mp4 in Resources */,
				54C4B82D2B7FDCED0055DA62 /* elephant.mp4 in Resources */,
				54C4B8262B7FDCED0055DA62 /* giraffe.mp4 in Resources */,
			);
			runOnlyForDeploymentPostprocessing = 0;
		};
/* End PBXResourcesBuildPhase section */

/* Begin PBXSourcesBuildPhase section */
		54C4B8062B7FDAC20055DA62 /* Sources */ = {
			isa = PBXSourcesBuildPhase;
			buildActionMask = 2147483647;
			files = (
				54C4B83E2B7FF4600055DA62 /* VideoListView.swift in Sources */,
				54C4B84D2B80193B0055DA62 /* AnimalListItemView.swift in Sources */,
				54C4B8422B7FF47D0055DA62 /* MainView.swift in Sources */,
				54C4B8572B80257C0055DA62 /* InsetFactView.swift in Sources */,
				54C4B8452B7FF5A80055DA62 /* CoverImageView.swift in Sources */,
				54C4B8482B7FF7260055DA62 /* CoverImageModel.swift in Sources */,
				54C4B8512B801DEE0055DA62 /* AnimalDetailView.swift in Sources */,
				54C4B84F2B801AE20055DA62 /* AnimalModel.swift in Sources */,
				54C4B8102B7FDAC20055DA62 /* ContentView.swift in Sources */,
				54C4B8592B80277E0055DA62 /* InsetMapView.swift in Sources */,
				54C4B8642B83F3100055DA62 /* VideoPlayerHelper.swift in Sources */,
				54C4B83C2B7FF44E0055DA62 /* MapView.swift in Sources */,
				54C4B85B2B802CB00055DA62 /* ExternalWebLinkView.swift in Sources */,
				54C4B8682B8400370055DA62 /* MapAnnotationView.swift in Sources */,
				54C4B80E2B7FDAC20055DA62 /* AnimalAtlasApp.swift in Sources */,
				54C4B85D2B83EC550055DA62 /* VideoModel.swift in Sources */,
				54C4B8402B7FF46C0055DA62 /* GalleryView.swift in Sources */,
				54C4B8662B83F68C0055DA62 /* LocationModel.swift in Sources */,
				54C4B86C2B8419DB0055DA62 /* AnimalGridItemView.swift in Sources */,
				54C4B8552B80222F0055DA62 /* InsetGalleryView.swift in Sources */,
				54C4B85F2B83EC970055DA62 /* VideoListItemView.swift in Sources */,
				54C4B86E2B8420E50055DA62 /* CreditsView.swift in Sources */,
				54C4B84B2B8014E70055DA62 /* CodableBundleExtension.swift in Sources */,
				54C4B86A2B84063C0055DA62 /* MotionAnimationView.swift in Sources */,
				54C4B8702B84231F0055DA62 /* CenterModifier.swift in Sources */,
				54C4B8532B8020BF0055DA62 /* HeadingView.swift in Sources */,
				54C4B8612B83F2450055DA62 /* VideoPlayerView.swift in Sources */,
			);
			runOnlyForDeploymentPostprocessing = 0;
		};
/* End PBXSourcesBuildPhase section */

/* Begin XCBuildConfiguration section */
		54C4B8162B7FDAC40055DA62 /* Debug */ = {
			isa = XCBuildConfiguration;
			buildSettings = {
				ALWAYS_SEARCH_USER_PATHS = NO;
				ASSETCATALOG_COMPILER_GENERATE_SWIFT_ASSET_SYMBOL_EXTENSIONS = YES;
				CLANG_ANALYZER_NONNULL = YES;
				CLANG_ANALYZER_NUMBER_OBJECT_CONVERSION = YES_AGGRESSIVE;
				CLANG_CXX_LANGUAGE_STANDARD = "gnu++20";
				CLANG_ENABLE_MODULES = YES;
				CLANG_ENABLE_OBJC_ARC = YES;
				CLANG_ENABLE_OBJC_WEAK = YES;
				CLANG_WARN_BLOCK_CAPTURE_AUTORELEASING = YES;
				CLANG_WARN_BOOL_CONVERSION = YES;
				CLANG_WARN_COMMA = YES;
				CLANG_WARN_CONSTANT_CONVERSION = YES;
				CLANG_WARN_DEPRECATED_OBJC_IMPLEMENTATIONS = YES;
				CLANG_WARN_DIRECT_OBJC_ISA_USAGE = YES_ERROR;
				CLANG_WARN_DOCUMENTATION_COMMENTS = YES;
				CLANG_WARN_EMPTY_BODY = YES;
				CLANG_WARN_ENUM_CONVERSION = YES;
				CLANG_WARN_INFINITE_RECURSION = YES;
				CLANG_WARN_INT_CONVERSION = YES;
				CLANG_WARN_NON_LITERAL_NULL_CONVERSION = YES;
				CLANG_WARN_OBJC_IMPLICIT_RETAIN_SELF = YES;
				CLANG_WARN_OBJC_LITERAL_CONVERSION = YES;
				CLANG_WARN_OBJC_ROOT_CLASS = YES_ERROR;
				CLANG_WARN_QUOTED_INCLUDE_IN_FRAMEWORK_HEADER = YES;
				CLANG_WARN_RANGE_LOOP_ANALYSIS = YES;
				CLANG_WARN_STRICT_PROTOTYPES = YES;
				CLANG_WARN_SUSPICIOUS_MOVE = YES;
				CLANG_WARN_UNGUARDED_AVAILABILITY = YES_AGGRESSIVE;
				CLANG_WARN_UNREACHABLE_CODE = YES;
				CLANG_WARN__DUPLICATE_METHOD_MATCH = YES;
				COPY_PHASE_STRIP = NO;
				DEBUG_INFORMATION_FORMAT = dwarf;
				ENABLE_STRICT_OBJC_MSGSEND = YES;
				ENABLE_TESTABILITY = YES;
				ENABLE_USER_SCRIPT_SANDBOXING = YES;
				GCC_C_LANGUAGE_STANDARD = gnu17;
				GCC_DYNAMIC_NO_PIC = NO;
				GCC_NO_COMMON_BLOCKS = YES;
				GCC_OPTIMIZATION_LEVEL = 0;
				GCC_PREPROCESSOR_DEFINITIONS = (
					"DEBUG=1",
					"$(inherited)",
				);
				GCC_WARN_64_TO_32_BIT_CONVERSION = YES;
				GCC_WARN_ABOUT_RETURN_TYPE = YES_ERROR;
				GCC_WARN_UNDECLARED_SELECTOR = YES;
				GCC_WARN_UNINITIALIZED_AUTOS = YES_AGGRESSIVE;
				GCC_WARN_UNUSED_FUNCTION = YES;
				GCC_WARN_UNUSED_VARIABLE = YES;
				IPHONEOS_DEPLOYMENT_TARGET = 17.2;
				LOCALIZATION_PREFERS_STRING_CATALOGS = YES;
				MTL_ENABLE_DEBUG_INFO = INCLUDE_SOURCE;
				MTL_FAST_MATH = YES;
				ONLY_ACTIVE_ARCH = YES;
				SDKROOT = iphoneos;
				SWIFT_ACTIVE_COMPILATION_CONDITIONS = "DEBUG $(inherited)";
				SWIFT_OPTIMIZATION_LEVEL = "-Onone";
			};
			name = Debug;
		};
		54C4B8172B7FDAC40055DA62 /* Release */ = {
			isa = XCBuildConfiguration;
			buildSettings = {
				ALWAYS_SEARCH_USER_PATHS = NO;
				ASSETCATALOG_COMPILER_GENERATE_SWIFT_ASSET_SYMBOL_EXTENSIONS = YES;
				CLANG_ANALYZER_NONNULL = YES;
				CLANG_ANALYZER_NUMBER_OBJECT_CONVERSION = YES_AGGRESSIVE;
				CLANG_CXX_LANGUAGE_STANDARD = "gnu++20";
				CLANG_ENABLE_MODULES = YES;
				CLANG_ENABLE_OBJC_ARC = YES;
				CLANG_ENABLE_OBJC_WEAK = YES;
				CLANG_WARN_BLOCK_CAPTURE_AUTORELEASING = YES;
				CLANG_WARN_BOOL_CONVERSION = YES;
				CLANG_WARN_COMMA = YES;
				CLANG_WARN_CONSTANT_CONVERSION = YES;
				CLANG_WARN_DEPRECATED_OBJC_IMPLEMENTATIONS = YES;
				CLANG_WARN_DIRECT_OBJC_ISA_USAGE = YES_ERROR;
				CLANG_WARN_DOCUMENTATION_COMMENTS = YES;
				CLANG_WARN_EMPTY_BODY = YES;
				CLANG_WARN_ENUM_CONVERSION = YES;
				CLANG_WARN_INFINITE_RECURSION = YES;
				CLANG_WARN_INT_CONVERSION = YES;
				CLANG_WARN_NON_LITERAL_NULL_CONVERSION = YES;
				CLANG_WARN_OBJC_IMPLICIT_RETAIN_SELF = YES;
				CLANG_WARN_OBJC_LITERAL_CONVERSION = YES;
				CLANG_WARN_OBJC_ROOT_CLASS = YES_ERROR;
				CLANG_WARN_QUOTED_INCLUDE_IN_FRAMEWORK_HEADER = YES;
				CLANG_WARN_RANGE_LOOP_ANALYSIS = YES;
				CLANG_WARN_STRICT_PROTOTYPES = YES;
				CLANG_WARN_SUSPICIOUS_MOVE = YES;
				CLANG_WARN_UNGUARDED_AVAILABILITY = YES_AGGRESSIVE;
				CLANG_WARN_UNREACHABLE_CODE = YES;
				CLANG_WARN__DUPLICATE_METHOD_MATCH = YES;
				COPY_PHASE_STRIP = NO;
				DEBUG_INFORMATION_FORMAT = "dwarf-with-dsym";
				ENABLE_NS_ASSERTIONS = NO;
				ENABLE_STRICT_OBJC_MSGSEND = YES;
				ENABLE_USER_SCRIPT_SANDBOXING = YES;
				GCC_C_LANGUAGE_STANDARD = gnu17;
				GCC_NO_COMMON_BLOCKS = YES;
				GCC_WARN_64_TO_32_BIT_CONVERSION = YES;
				GCC_WARN_ABOUT_RETURN_TYPE = YES_ERROR;
				GCC_WARN_UNDECLARED_SELECTOR = YES;
				GCC_WARN_UNINITIALIZED_AUTOS = YES_AGGRESSIVE;
				GCC_WARN_UNUSED_FUNCTION = YES;
				GCC_WARN_UNUSED_VARIABLE = YES;
				IPHONEOS_DEPLOYMENT_TARGET = 17.2;
				LOCALIZATION_PREFERS_STRING_CATALOGS = YES;
				MTL_ENABLE_DEBUG_INFO = NO;
				MTL_FAST_MATH = YES;
				SDKROOT = iphoneos;
				SWIFT_COMPILATION_MODE = wholemodule;
				VALIDATE_PRODUCT = YES;
			};
			name = Release;
		};
		54C4B8192B7FDAC40055DA62 /* Debug */ = {
			isa = XCBuildConfiguration;
			buildSettings = {
				ASSETCATALOG_COMPILER_APPICON_NAME = AppIcon;
				ASSETCATALOG_COMPILER_GLOBAL_ACCENT_COLOR_NAME = AccentColor;
				CODE_SIGN_STYLE = Automatic;
				CURRENT_PROJECT_VERSION = 1;
				DEVELOPMENT_ASSET_PATHS = "\"AnimalAtlas/Preview Content\"";
				ENABLE_PREVIEWS = YES;
				GENERATE_INFOPLIST_FILE = YES;
				INFOPLIST_FILE = AnimalAtlas/Info.plist;
				INFOPLIST_KEY_UIApplicationSceneManifest_Generation = YES;
				INFOPLIST_KEY_UIApplicationSupportsIndirectInputEvents = YES;
				INFOPLIST_KEY_UISupportedInterfaceOrientations_iPad = "UIInterfaceOrientationPortrait UIInterfaceOrientationPortraitUpsideDown UIInterfaceOrientationLandscapeLeft UIInterfaceOrientationLandscapeRight";
				INFOPLIST_KEY_UISupportedInterfaceOrientations_iPhone = "UIInterfaceOrientationPortrait UIInterfaceOrientationLandscapeLeft UIInterfaceOrientationLandscapeRight";
				INFOPLIST_KEY_UIUserInterfaceStyle = Dark;
				LD_RUNPATH_SEARCH_PATHS = (
					"$(inherited)",
					"@executable_path/Frameworks",
				);
				MARKETING_VERSION = 1.0;
				PRODUCT_BUNDLE_IDENTIFIER = com.learning.AnimalAtlas;
				PRODUCT_NAME = "$(TARGET_NAME)";
				SUPPORTED_PLATFORMS = "iphoneos iphonesimulator";
				SUPPORTS_MACCATALYST = NO;
				SWIFT_EMIT_LOC_STRINGS = YES;
				SWIFT_VERSION = 5.0;
				TARGETED_DEVICE_FAMILY = "1,2";
			};
			name = Debug;
		};
		54C4B81A2B7FDAC40055DA62 /* Release */ = {
			isa = XCBuildConfiguration;
			buildSettings = {
				ASSETCATALOG_COMPILER_APPICON_NAME = AppIcon;
				ASSETCATALOG_COMPILER_GLOBAL_ACCENT_COLOR_NAME = AccentColor;
				CODE_SIGN_STYLE = Automatic;
				CURRENT_PROJECT_VERSION = 1;
				DEVELOPMENT_ASSET_PATHS = "\"AnimalAtlas/Preview Content\"";
				ENABLE_PREVIEWS = YES;
				GENERATE_INFOPLIST_FILE = YES;
				INFOPLIST_FILE = AnimalAtlas/Info.plist;
				INFOPLIST_KEY_UIApplicationSceneManifest_Generation = YES;
				INFOPLIST_KEY_UIApplicationSupportsIndirectInputEvents = YES;
				INFOPLIST_KEY_UISupportedInterfaceOrientations_iPad = "UIInterfaceOrientationPortrait UIInterfaceOrientationPortraitUpsideDown UIInterfaceOrientationLandscapeLeft UIInterfaceOrientationLandscapeRight";
				INFOPLIST_KEY_UISupportedInterfaceOrientations_iPhone = "UIInterfaceOrientationPortrait UIInterfaceOrientationLandscapeLeft UIInterfaceOrientationLandscapeRight";
				INFOPLIST_KEY_UIUserInterfaceStyle = Dark;
				LD_RUNPATH_SEARCH_PATHS = (
					"$(inherited)",
					"@executable_path/Frameworks",
				);
				MARKETING_VERSION = 1.0;
				PRODUCT_BUNDLE_IDENTIFIER = com.learning.AnimalAtlas;
				PRODUCT_NAME = "$(TARGET_NAME)";
				SUPPORTED_PLATFORMS = "iphoneos iphonesimulator";
				SUPPORTS_MACCATALYST = NO;
				SWIFT_EMIT_LOC_STRINGS = YES;
				SWIFT_VERSION = 5.0;
				TARGETED_DEVICE_FAMILY = "1,2";
			};
			name = Release;
		};
/* End XCBuildConfiguration section */

/* Begin XCConfigurationList section */
		54C4B8052B7FDAC20055DA62 /* Build configuration list for PBXProject "AnimalAtlas" */ = {
			isa = XCConfigurationList;
			buildConfigurations = (
				54C4B8162B7FDAC40055DA62 /* Debug */,
				54C4B8172B7FDAC40055DA62 /* Release */,
			);
			defaultConfigurationIsVisible = 0;
			defaultConfigurationName = Release;
		};
		54C4B8182B7FDAC40055DA62 /* Build configuration list for PBXNativeTarget "AnimalAtlas" */ = {
			isa = XCConfigurationList;
			buildConfigurations = (
				54C4B8192B7FDAC40055DA62 /* Debug */,
				54C4B81A2B7FDAC40055DA62 /* Release */,
			);
			defaultConfigurationIsVisible = 0;
			defaultConfigurationName = Release;
		};
/* End XCConfigurationList section */
	};
	rootObject = 54C4B8022B7FDAC20055DA62 /* Project object */;
}
